# This file is automatically @generated by Poetry 1.8.3 and should not be changed by hand.

[[package]]
name = "julianpy"
version = "1.0.1"
description = "Julian Date functionality in python"
optional = false
python-versions = ">=3.6"
files = [
    {file = "JulianPy-1.0.1-py3-none-any.whl", hash = "sha256:45c5a7e98b30d4e14722f75915c29399a6e7c55d8ad921e6e8754ccf8874ac0e"},
    {file = "JulianPy-1.0.1.tar.gz", hash = "sha256:56235d784f9aac383150ca7903bb995794d18daea5203fad751794219cf43315"},
]

[metadata]
lock-version = "2.0"
python-versions = "^3.12"
content-hash = "5820015ea210f3c6a7800550522c209aefe968e979fdfc866494b179c1e622b2"
