# This file is automatically @generated by Poetry 1.8.3 and should not be changed by hand.

[[package]]
name = "astral"
version = "3.2"
description = "Calculations for the position of the sun and moon."
optional = false
python-versions = ">=3.7,<4.0"
files = [
    {file = "astral-3.2-py3-none-any.whl", hash = "sha256:cb7b49a3f0d4c64ae666be131276d2a3226134c598db10e672028cf8ff855f83"},
    {file = "astral-3.2.tar.gz", hash = "sha256:9b7c3b412e9e69d172cfb24be0e6addcc9f1bd01a28db8bebe66d75ccc533d88"},
]

[package.dependencies]
tzdata = {version = "*", markers = "sys_platform == \"win32\""}

[[package]]
name = "tzdata"
version = "2024.1"
description = "Provider of IANA time zone data"
optional = false
python-versions = ">=2"
files = [
    {file = "tzdata-2024.1-py2.py3-none-any.whl", hash = "sha256:9068bc196136463f5245e51efda838afa15aaeca9903f49050dfa2679db4d252"},
    {file = "tzdata-2024.1.tar.gz", hash = "sha256:2674120f8d891909751c38abcdfd386ac0a5a1127954fbc332af6b5ceae07efd"},
]

[metadata]
lock-version = "2.0"
python-versions = "^3.12"
content-hash = "8acae0bdb409a235c9d18f9d2f89cea411199ce69033e626bd998beb3bc94347"
